
Microsoft Visual Studio Solution File, Format Version 12.00
# Visual Studio Version 16
VisualStudioVersion = 16.0.29519.87
MinimumVisualStudioVersion = 10.0.40219.1
Project("{FAE04EC0-301F-11D3-BF4B-00C04F79EFBC}") = "PromotionEngineBusiness", "PromotionEngineBusiness\PromotionEngineBusiness.csproj", "{CCE5DBC0-B9D6-4D8E-8E7A-B32E3764C918}"
EndProject
Project("{FAE04EC0-301F-11D3-BF4B-00C04F79EFBC}") = "PromotionEngineUnitTest", "PromotionEngineUnitTest\PromotionEngineUnitTest.csproj", "{0A27D511-8672-4F50-B782-B3A94036DADE}"
EndProject
Global
	GlobalSection(SolutionConfigurationPlatforms) = preSolution
		Debug|Any CPU = Debug|Any CPU
		Release|Any CPU = Release|Any CPU
	EndGlobalSection
	GlobalSection(ProjectConfigurationPlatforms) = postSolution
		{CCE5DBC0-B9D6-4D8E-8E7A-B32E3764C918}.Debug|Any CPU.ActiveCfg = Debug|Any CPU
		{CCE5DBC0-B9D6-4D8E-8E7A-B32E3764C918}.Debug|Any CPU.Build.0 = Debug|Any CPU
		{CCE5DBC0-B9D6-4D8E-8E7A-B32E3764C918}.Release|Any CPU.ActiveCfg = Release|Any CPU
		{CCE5DBC0-B9D6-4D8E-8E7A-B32E3764C918}.Release|Any CPU.Build.0 = Release|Any CPU
		{0A27D511-8672-4F50-B782-B3A94036DADE}.Debug|Any CPU.ActiveCfg = Debug|Any CPU
		{0A27D511-8672-4F50-B782-B3A94036DADE}.Debug|Any CPU.Build.0 = Debug|Any CPU
		{0A27D511-8672-4F50-B782-B3A94036DADE}.Release|Any CPU.ActiveCfg = Release|Any CPU
		{0A27D511-8672-4F50-B782-B3A94036DADE}.Release|Any CPU.Build.0 = Release|Any CPU
	EndGlobalSection
	GlobalSection(SolutionProperties) = preSolution
		HideSolutionNode = FALSE
	EndGlobalSection
	GlobalSection(ExtensibilityGlobals) = postSolution
		SolutionGuid = {7A0FAA68-86E6-4768-BC2D-352FE9B91698}
	EndGlobalSection
EndGlobal
